// !$*UTF8*$!
{
	archiveVersion = 1;
	classes = {
	};
	objectVersion = 46;
	objects = {

/* Begin PBXBuildFile section */
		C263889E1B539A2F0047179A /* main.m in Sources */ = {isa = PBXBuildFile; fileRef = C263889D1B539A2F0047179A /* main.m */; };
		C26388A11B539A2F0047179A /* AppDelegate.m in Sources */ = {isa = PBXBuildFile; fileRef = C26388A01B539A2F0047179A /* AppDelegate.m */; };
		C26388A31B539A2F0047179A /* 1212121212-Prefix.pch in Resources */ = {isa = PBXBuildFile; fileRef = C26388A21B539A2F0047179A /* 1212121212-Prefix.pch */; };
		C26388A51B539A2F0047179A /* Images.xcassets in Resources */ = {isa = PBXBuildFile; fileRef = C26388A41B539A2F0047179A /* Images.xcassets */; };
		C26388A81B539A2F0047179A /* LaunchScreen.xib in Resources */ = {isa = PBXBuildFile; fileRef = C26388A61B539A2F0047179A /* LaunchScreen.xib */; };
		C26388B41B539A2F0047179A /* _212121212Tests.m in Sources */ = {isa = PBXBuildFile; fileRef = C26388B31B539A2F0047179A /* _212121212Tests.m */; };
/* End PBXBuildFile section */

/* Begin PBXContainerItemProxy section */
		C26388AE1B539A2F0047179A /* PBXContainerItemProxy */ = {
			isa = PBXContainerItemProxy;
			containerPortal = C26388901B539A2F0047179A /* Project object */;
			proxyType = 1;
			remoteGlobalIDString = C26388971B539A2F0047179A;
			remoteInfo = 1212121212;
		};
/* End PBXContainerItemProxy section */

/* Begin PBXFileReference section */
		C26388981B539A2F0047179A /* 1212121212.app */ = {isa = PBXFileReference; explicitFileType = wrapper.application; includeInIndex = 0; path = 1212121212.app; sourceTree = BUILT_PRODUCTS_DIR; };
		C263889C1B539A2F0047179A /* Info.plist */ = {isa = PBXFileReference; lastKnownFileType = text.plist.xml; path = Info.plist; sourceTree = "<group>"; };
		C263889D1B539A2F0047179A /* main.m */ = {isa = PBXFileReference; lastKnownFileType = sourcecode.c.objc; path = main.m; sourceTree = "<group>"; };
		C263889F1B539A2F0047179A /* AppDelegate.h */ = {isa = PBXFileReference; lastKnownFileType = sourcecode.c.h; path = AppDelegate.h; sourceTree = "<group>"; };
		C26388A01B539A2F0047179A /* AppDelegate.m */ = {isa = PBXFileReference; lastKnownFileType = sourcecode.c.objc; path = AppDelegate.m; sourceTree = "<group>"; };
		C26388A21B539A2F0047179A /* 1212121212-Prefix.pch */ = {isa = PBXFileReference; lastKnownFileType = sourcecode.c.h; path = "1212121212-Prefix.pch"; sourceTree = "<group>"; };
		C26388A41B539A2F0047179A /* Images.xcassets */ = {isa = PBXFileReference; lastKnownFileType = folder.assetcatalog; path = Images.xcassets; sourceTree = "<group>"; };
		C26388A71B539A2F0047179A /* Base */ = {isa = PBXFileReference; lastKnownFileType = file.xib; name = Base; path = Base.lproj/LaunchScreen.xib; sourceTree = "<group>"; };
		C26388AD1B539A2F0047179A /* 1212121212Tests.xctest */ = {isa = PBXFileReference; explicitFileType = wrapper.cfbundle; includeInIndex = 0; path = 1212121212Tests.xctest; sourceTree = BUILT_PRODUCTS_DIR; };
		C26388B21B539A2F0047179A /* Info.plist */ = {isa = PBXFileReference; lastKnownFileType = text.plist.xml; path = Info.plist; sourceTree = "<group>"; };
		C26388B31B539A2F0047179A /* _212121212Tests.m */ = {isa = PBXFileReference; lastKnownFileType = sourcecode.c.objc; path = _212121212Tests.m; sourceTree = "<group>"; };
/* End PBXFileReference section */

/* Begin PBXFrameworksBuildPhase section */
		C26388951B539A2F0047179A /* Frameworks */ = {
			isa = PBXFrameworksBuildPhase;
			buildActionMask = 2147483647;
			files = (
			);
			runOnlyForDeploymentPostprocessing = 0;
		};
		C26388AA1B539A2F0047179A /* Frameworks */ = {
			isa = PBXFrameworksBuildPhase;
			buildActionMask = 2147483647;
			files = (
			);
			runOnlyForDeploymentPostprocessing = 0;
		};
/* End PBXFrameworksBuildPhase section */

/* Begin PBXGroup section */
		C263888F1B539A2F0047179A = {
			isa = PBXGroup;
			children = (
				C263889A1B539A2F0047179A /* 1212121212 */,
				C26388B01B539A2F0047179A /* 1212121212Tests */,
				C26388991B539A2F0047179A /* Products */,
			);
			sourceTree = "<group>";
		};
		C26388991B539A2F0047179A /* Products */ = {
			isa = PBXGroup;
			children = (
				C26388981B539A2F0047179A /* 1212121212.app */,
				C26388AD1B539A2F0047179A /* 1212121212Tests.xctest */,
			);
			name = Products;
			sourceTree = "<group>";
		};
		C263889A1B539A2F0047179A /* 1212121212 */ = {
			isa = PBXGroup;
			children = (
				C263889F1B539A2F0047179A /* AppDelegate.h */,
				C26388A01B539A2F0047179A /* AppDelegate.m */,
				C26388A21B539A2F0047179A /* 1212121212-Prefix.pch */,
				C26388A41B539A2F0047179A /* Images.xcassets */,
				C26388A61B539A2F0047179A /* LaunchScreen.xib */,
				C263889B1B539A2F0047179A /* Supporting Files */,
			);
			path = 1212121212;
			sourceTree = "<group>";
		};
		C263889B1B539A2F0047179A /* Supporting Files */ = {
			isa = PBXGroup;
			children = (
				C263889C1B539A2F0047179A /* Info.plist */,
				C263889D1B539A2F0047179A /* main.m */,
			);
			name = "Supporting Files";
			sourceTree = "<group>";
		};
		C26388B01B539A2F0047179A /* 1212121212Tests */ = {
			isa = PBXGroup;
			children = (
				C26388B31B539A2F0047179A /* _212121212Tests.m */,
				C26388B11B539A2F0047179A /* Supporting Files */,
			);
			path = 1212121212Tests;
			sourceTree = "<group>";
		};
		C26388B11B539A2F0047179A /* Supporting Files */ = {
			isa = PBXGroup;
			children = (
				C26388B21B539A2F0047179A /* Info.plist */,
			);
			name = "Supporting Files";
			sourceTree = "<group>";
		};
/* End PBXGroup section */

/* Begin PBXNativeTarget section */
		C26388971B539A2F0047179A /* 1212121212 */ = {
			isa = PBXNativeTarget;
			buildConfigurationList = C26388B71B539A2F0047179A /* Build configuration list for PBXNativeTarget "1212121212" */;
			buildPhases = (
				C26388941B539A2F0047179A /* Sources */,
				C26388951B539A2F0047179A /* Frameworks */,
				C26388961B539A2F0047179A /* Resources */,
			);
			buildRules = (
			);
			dependencies = (
			);
			name = 1212121212;
			productName = 1212121212;
			productReference = C26388981B539A2F0047179A /* 1212121212.app */;
			productType = "com.apple.product-type.application";
		};
		C26388AC1B539A2F0047179A /* 1212121212Tests */ = {
			isa = PBXNativeTarget;
			buildConfigurationList = C26388BA1B539A2F0047179A /* Build configuration list for PBXNativeTarget "1212121212Tests" */;
			buildPhases = (
				C26388A91B539A2F0047179A /* Sources */,
				C26388AA1B539A2F0047179A /* Frameworks */,
				C26388AB1B539A2F0047179A /* Resources */,
			);
			buildRules = (
			);
			dependencies = (
				C26388AF1B539A2F0047179A /* PBXTargetDependency */,
			);
			name = 1212121212Tests;
			productName = 1212121212Tests;
			productReference = C26388AD1B539A2F0047179A /* 1212121212Tests.xctest */;
			productType = "com.apple.product-type.bundle.unit-test";
		};
/* End PBXNativeTarget section */

/* Begin PBXProject section */
		C26388901B539A2F0047179A /* Project object */ = {
			isa = PBXProject;
			attributes = {
				LastUpgradeCheck = 0600;
				ORGANIZATIONNAME = lanou3g;
				TargetAttributes = {
					C26388971B539A2F0047179A = {
						CreatedOnToolsVersion = 6.0.1;
					};
					C26388AC1B539A2F0047179A = {
						CreatedOnToolsVersion = 6.0.1;
						TestTargetID = C26388971B539A2F0047179A;
					};
				};
			};
			buildConfigurationList = C26388931B539A2F0047179A /* Build configuration list for PBXProject "1212121212" */;
			compatibilityVersion = "Xcode 3.2";
			developmentRegion = English;
			hasScannedForEncodings = 0;
			knownRegions = (
				en,
				Base,
			);
			mainGroup = C263888F1B539A2F0047179A;
			productRefGroup = C26388991B539A2F0047179A /* Products */;
			projectDirPath = "";
			projectRoot = "";
			targets = (
				C26388971B539A2F0047179A /* 1212121212 */,
				C26388AC1B539A2F0047179A /* 1212121212Tests */,
			);
		};
/* End PBXProject section */

/* Begin PBXResourcesBuildPhase section */
		C26388961B539A2F0047179A /* Resources */ = {
			isa = PBXResourcesBuildPhase;
			buildActionMask = 2147483647;
			files = (
				C26388A31B539A2F0047179A /* 1212121212-Prefix.pch in Resources */,
				C26388A81B539A2F0047179A /* LaunchScreen.xib in Resources */,
				C26388A51B539A2F0047179A /* Images.xcassets in Resources */,
			);
			runOnlyForDeploymentPostprocessing = 0;
		};
		C26388AB1B539A2F0047179A /* Resources */ = {
			isa = PBXResourcesBuildPhase;
			buildActionMask = 2147483647;
			files = (
			);
			runOnlyForDeploymentPostprocessing = 0;
		};
/* End PBXResourcesBuildPhase section */

/* Begin PBXSourcesBuildPhase section */
		C26388941B539A2F0047179A /* Sources */ = {
			isa = PBXSourcesBuildPhase;
			buildActionMask = 2147483647;
			files = (
				C26388A11B539A2F0047179A /* AppDelegate.m in Sources */,
				C263889E1B539A2F0047179A /* main.m in Sources */,
			);
			runOnlyForDeploymentPostprocessing = 0;
		};
		C26388A91B539A2F0047179A /* Sources */ = {
			isa = PBXSourcesBuildPhase;
			buildActionMask = 2147483647;
			files = (
				C26388B41B539A2F0047179A /* _212121212Tests.m in Sources */,
			);
			runOnlyForDeploymentPostprocessing = 0;
		};
/* End PBXSourcesBuildPhase section */

/* Begin PBXTargetDependency section */
		C26388AF1B539A2F0047179A /* PBXTargetDependency */ = {
			isa = PBXTargetDependency;
			target = C26388971B539A2F0047179A /* 1212121212 */;
			targetProxy = C26388AE1B539A2F0047179A /* PBXContainerItemProxy */;
		};
/* End PBXTargetDependency section */

/* Begin PBXVariantGroup section */
		C26388A61B539A2F0047179A /* LaunchScreen.xib */ = {
			isa = PBXVariantGroup;
			children = (
				C26388A71B539A2F0047179A /* Base */,
			);
			name = LaunchScreen.xib;
			sourceTree = "<group>";
		};
/* End PBXVariantGroup section */

/* Begin XCBuildConfiguration section */
		C26388B51B539A2F0047179A /* Debug */ = {
			isa = XCBuildConfiguration;
			buildSettings = {
				ALWAYS_SEARCH_USER_PATHS = NO;
				CLANG_CXX_LANGUAGE_STANDARD = "gnu++0x";
				CLANG_CXX_LIBRARY = "libc++";
				CLANG_ENABLE_MODULES = YES;
				CLANG_ENABLE_OBJC_ARC = YES;
				CLANG_WARN_BOOL_CONVERSION = YES;
				CLANG_WARN_CONSTANT_CONVERSION = YES;
				CLANG_WARN_DIRECT_OBJC_ISA_USAGE = YES_ERROR;
				CLANG_WARN_EMPTY_BODY = YES;
				CLANG_WARN_ENUM_CONVERSION = YES;
				CLANG_WARN_INT_CONVERSION = YES;
				CLANG_WARN_OBJC_ROOT_CLASS = YES_ERROR;
				CLANG_WARN_UNREACHABLE_CODE = YES;
				CLANG_WARN__DUPLICATE_METHOD_MATCH = YES;
				"CODE_SIGN_IDENTITY[sdk=iphoneos*]" = "iPhone Developer";
				COPY_PHASE_STRIP = NO;
				ENABLE_STRICT_OBJC_MSGSEND = YES;
				GCC_C_LANGUAGE_STANDARD = gnu99;
				GCC_DYNAMIC_NO_PIC = NO;
				GCC_OPTIMIZATION_LEVEL = 0;
				GCC_PREPROCESSOR_DEFINITIONS = (
					"DEBUG=1",
					"$(inherited)",
				);
				GCC_SYMBOLS_PRIVATE_EXTERN = NO;
				GCC_WARN_64_TO_32_BIT_CONVERSION = YES;
				GCC_WARN_ABOUT_RETURN_TYPE = YES_ERROR;
				GCC_WARN_UNDECLARED_SELECTOR = YES;
				GCC_WARN_UNINITIALIZED_AUTOS = YES_AGGRESSIVE;
				GCC_WARN_UNUSED_FUNCTION = YES;
				GCC_WARN_UNUSED_VARIABLE = YES;
				IPHONEOS_DEPLOYMENT_TARGET = 8.0;
				MTL_ENABLE_DEBUG_INFO = YES;
				ONLY_ACTIVE_ARCH = YES;
				SDKROOT = iphoneos;
			};
			name = Debug;
		};
		C26388B61B539A2F0047179A /* Release */ = {
			isa = XCBuildConfiguration;
			buildSettings = {
				ALWAYS_SEARCH_USER_PATHS = NO;
				CLANG_CXX_LANGUAGE_STANDARD = "gnu++0x";
				CLANG_CXX_LIBRARY = "libc++";
				CLANG_ENABLE_MODULES = YES;
				CLANG_ENABLE_OBJC_ARC = YES;
				CLANG_WARN_BOOL_CONVERSION = YES;
				CLANG_WARN_CONSTANT_CONVERSION = YES;
				CLANG_WARN_DIRECT_OBJC_ISA_USAGE = YES_ERROR;
				CLANG_WARN_EMPTY_BODY = YES;
				CLANG_WARN_ENUM_CONVERSION = YES;
				CLANG_WARN_INT_CONVERSION = YES;
				CLANG_WARN_OBJC_ROOT_CLASS = YES_ERROR;
				CLANG_WARN_UNREACHABLE_CODE = YES;
				CLANG_WARN__DUPLICATE_METHOD_MATCH = YES;
				"CODE_SIGN_IDENTITY[sdk=iphoneos*]" = "iPhone Developer";
				COPY_PHASE_STRIP = YES;
				ENABLE_NS_ASSERTIONS = NO;
				ENABLE_STRICT_OBJC_MSGSEND = YES;
				GCC_C_LANGUAGE_STANDARD = gnu99;
				GCC_WARN_64_TO_32_BIT_CONVERSION = YES;
				GCC_WARN_ABOUT_RETURN_TYPE = YES_ERROR;
				GCC_WARN_UNDECLARED_SELECTOR = YES;
				GCC_WARN_UNINITIALIZED_AUTOS = YES_AGGRESSIVE;
				GCC_WARN_UNUSED_FUNCTION = YES;
				GCC_WARN_UNUSED_VARIABLE = YES;
				IPHONEOS_DEPLOYMENT_TARGET = 8.0;
				MTL_ENABLE_DEBUG_INFO = NO;
				SDKROOT = iphoneos;
				VALIDATE_PRODUCT = YES;
			};
			name = Release;
		};
		C26388B81B539A2F0047179A /* Debug */ = {
			isa = XCBuildConfiguration;
			buildSettings = {
				ASSETCATALOG_COMPILER_APPICON_NAME = AppIcon;
				INFOPLIST_FILE = 1212121212/Info.plist;
				LD_RUNPATH_SEARCH_PATHS = "$(inherited) @executable_path/Frameworks";
				PRODUCT_NAME = "$(TARGET_NAME)";
			};
			name = Debug;
		};
		C26388B91B539A2F0047179A /* Release */ = {
			isa = XCBuildConfiguration;
			buildSettings = {
				ASSETCATALOG_COMPILER_APPICON_NAME = AppIcon;
				INFOPLIST_FILE = 1212121212/Info.plist;
				LD_RUNPATH_SEARCH_PATHS = "$(inherited) @executable_path/Frameworks";
				PRODUCT_NAME = "$(TARGET_NAME)";
			};
			name = Release;
		};
		C26388BB1B539A2F0047179A /* Debug */ = {
			isa = XCBuildConfiguration;
			buildSettings = {
				BUNDLE_LOADER = "$(TEST_HOST)";
				FRAMEWORK_SEARCH_PATHS = (
					"$(SDKROOT)/Developer/Library/Frameworks",
					"$(inherited)",
				);
				GCC_PREPROCESSOR_DEFINITIONS = (
					"DEBUG=1",
					"$(inherited)",
				);
				INFOPLIST_FILE = 1212121212Tests/Info.plist;
				LD_RUNPATH_SEARCH_PATHS = "$(inherited) @executable_path/Frameworks @loader_path/Frameworks";
				PRODUCT_NAME = "$(TARGET_NAME)";
				TEST_HOST = "$(BUILT_PRODUCTS_DIR)/1212121212.app/1212121212";
			};
			name = Debug;
		};
		C26388BC1B539A2F0047179A /* Release */ = {
			isa = XCBuildConfiguration;
			buildSettings = {
				BUNDLE_LOADER = "$(TEST_HOST)";
				FRAMEWORK_SEARCH_PATHS = (
					"$(SDKROOT)/Developer/Library/Frameworks",
					"$(inherited)",
				);
				INFOPLIST_FILE = 1212121212Tests/Info.plist;
				LD_RUNPATH_SEARCH_PATHS = "$(inherited) @executable_path/Frameworks @loader_path/Frameworks";
				PRODUCT_NAME = "$(TARGET_NAME)";
				TEST_HOST = "$(BUILT_PRODUCTS_DIR)/1212121212.app/1212121212";
			};
			name = Release;
		};
/* End XCBuildConfiguration section */

/* Begin XCConfigurationList section */
		C26388931B539A2F0047179A /* Build configuration list for PBXProject "1212121212" */ = {
			isa = XCConfigurationList;
			buildConfigurations = (
				C26388B51B539A2F0047179A /* Debug */,
				C26388B61B539A2F0047179A /* Release */,
			);
			defaultConfigurationIsVisible = 0;
			defaultConfigurationName = Release;
		};
		C26388B71B539A2F0047179A /* Build configuration list for PBXNativeTarget "1212121212" */ = {
			isa = XCConfigurationList;
			buildConfigurations = (
				C26388B81B539A2F0047179A /* Debug */,
				C26388B91B539A2F0047179A /* Release */,
			);
			defaultConfigurationIsVisible = 0;
		};
		C26388BA1B539A2F0047179A /* Build configuration list for PBXNativeTarget "1212121212Tests" */ = {
			isa = XCConfigurationList;
			buildConfigurations = (
				C26388BB1B539A2F0047179A /* Debug */,
				C26388BC1B539A2F0047179A /* Release */,
			);
			defaultConfigurationIsVisible = 0;
		};
/* End XCConfigurationList section */
	};
	rootObject = C26388901B539A2F0047179A /* Project object */;
}
